Microsoft Visual Studio Solution File, Format Version 11.00
# Visual Studio 2008

Project("{D9DDF20E-8F8E-7800-4410-A7C07571B022}") = "Darkwave Demo", "Assembly-CSharp-vs.csproj", "{67604AD9-9E56-5C51-55AF-AC212BB73E4A}"
EndProject
Global
	GlobalSection(SolutionConfigurationPlatforms) = preSolution
		Debug|Any CPU = Debug|Any CPU
		Release|Any CPU = Release|Any CPU
	EndGlobalSection
	GlobalSection(ProjectConfigurationPlatforms) = postSolution
		{67604AD9-9E56-5C51-55AF-AC212BB73E4A}.Debug|Any CPU.ActiveCfg = Debug|Any CPU
		{67604AD9-9E56-5C51-55AF-AC212BB73E4A}.Debug|Any CPU.Build.0 = Debug|Any CPU
		{67604AD9-9E56-5C51-55AF-AC212BB73E4A}.Release|Any CPU.ActiveCfg = Release|Any CPU
		{67604AD9-9E56-5C51-55AF-AC212BB73E4A}.Release|Any CPU.Build.0 = Release|Any CPU
	EndGlobalSection
	GlobalSection(SolutionProperties) = preSolution
		HideSolutionNode = FALSE
	EndGlobalSection
																						GlobalSection(MonoDevelopProperties) = preSolution
		StartupItem = Assembly-CSharp.csproj
		Policies = $0
		$0.TextStylePolicy = $1
		$1.inheritsSet = null
		$1.scope = text/x-csharp
		$0.CSharpFormattingPolicy = $2
		$2.inheritsSet = Mono
		$2.inheritsScope = text/x-csharp
		$2.scope = text/x-csharp
		$0.TextStylePolicy = $3
		$3.FileWidth = 120
		$3.TabWidth = 4
		$3.IndentWidth = 4
		$3.EolMarker = Unix
		$3.inheritsSet = Mono
		$3.inheritsScope = text/plain
		$3.scope = text/plain
	EndGlobalSection

EndGlobal
